
Microsoft Visual Studio Solution File, Format Version 12.00
# Visual Studio 14
VisualStudioVersion = 14.0.23107.0
MinimumVisualStudioVersion = 10.0.40219.1
Project("{2150E333-8FDC-42A3-9474-1A3956D46DE8}") = "src", "src", "{D60B14B4-D580-4B6C-9B12-260541B3AC28}"
EndProject
Project("{2150E333-8FDC-42A3-9474-1A3956D46DE8}") = "Solution Items", "Solution Items", "{BD1621BF-DFB7-425B-BAC6-0315AC9F065A}"
	ProjectSection(SolutionItems) = preProject
		global.json = global.json
		NuGet.Config = NuGet.Config
	EndProjectSection
EndProject
Project("{8BB2217D-0F2D-49D1-97BC-3654ED321F3B}") = "StaticFilesTest", "src\StaticFilesTest\StaticFilesTest.xproj", "{469CBF84-96A6-4828-B4C3-EC1E8BABAFC8}"
EndProject
Global
	GlobalSection(SolutionConfigurationPlatforms) = preSolution
		Debug|Any CPU = Debug|Any CPU
		Release|Any CPU = Release|Any CPU
	EndGlobalSection
	GlobalSection(ProjectConfigurationPlatforms) = postSolution
		{469CBF84-96A6-4828-B4C3-EC1E8BABAFC8}.Debug|Any CPU.ActiveCfg = Debug|Any CPU
		{469CBF84-96A6-4828-B4C3-EC1E8BABAFC8}.Debug|Any CPU.Build.0 = Debug|Any CPU
		{469CBF84-96A6-4828-B4C3-EC1E8BABAFC8}.Release|Any CPU.ActiveCfg = Release|Any CPU
		{469CBF84-96A6-4828-B4C3-EC1E8BABAFC8}.Release|Any CPU.Build.0 = Release|Any CPU
	EndGlobalSection
	GlobalSection(SolutionProperties) = preSolution
		HideSolutionNode = FALSE
	EndGlobalSection
	GlobalSection(NestedProjects) = preSolution
		{469CBF84-96A6-4828-B4C3-EC1E8BABAFC8} = {D60B14B4-D580-4B6C-9B12-260541B3AC28}
	EndGlobalSection
EndGlobal
